// !$*UTF8*$!
{
	archiveVersion = 1;
	classes = {
	};
	objectVersion = 46;
	objects = {

/* Begin PBXBuildFile section */
		B70820411B3F3A9D00FB2535 /* MapViewController.swift in Sources */ = {isa = PBXBuildFile; fileRef = B70820401B3F3A9D00FB2535 /* MapViewController.swift */; };
		B71B679E1B39FA8C0010F2DD /* ParseClient.swift in Sources */ = {isa = PBXBuildFile; fileRef = B71B679D1B39FA8C0010F2DD /* ParseClient.swift */; };
		B71B67A01B39FAFF0010F2DD /* ParseConstants.swift in Sources */ = {isa = PBXBuildFile; fileRef = B71B679F1B39FAFF0010F2DD /* ParseConstants.swift */; };
		B71B67A31B39FC6C0010F2DD /* UdacityClient.swift in Sources */ = {isa = PBXBuildFile; fileRef = B71B67A21B39FC6C0010F2DD /* UdacityClient.swift */; };
		B71B67A51B39FC900010F2DD /* UdacityConstants.swift in Sources */ = {isa = PBXBuildFile; fileRef = B71B67A41B39FC900010F2DD /* UdacityConstants.swift */; };
		B71B67AB1B3B3D980010F2DD /* UdacityConvenience.swift in Sources */ = {isa = PBXBuildFile; fileRef = B71B67AA1B3B3D980010F2DD /* UdacityConvenience.swift */; };
		B71C35491B4D87DA004C95D0 /* UdacitySignUpWebViewController.swift in Sources */ = {isa = PBXBuildFile; fileRef = B71C35481B4D87DA004C95D0 /* UdacitySignUpWebViewController.swift */; };
		B71C354D1B502262004C95D0 /* ParseStudentLocation.swift in Sources */ = {isa = PBXBuildFile; fileRef = B71C354C1B502262004C95D0 /* ParseStudentLocation.swift */; };
		B71C354F1B518FF9004C95D0 /* InformationPostingViewController.swift in Sources */ = {isa = PBXBuildFile; fileRef = B71C354E1B518FF9004C95D0 /* InformationPostingViewController.swift */; };
		B71C35511B51ABF4004C95D0 /* InfoPostVCExtensions.swift in Sources */ = {isa = PBXBuildFile; fileRef = B71C35501B51ABF4004C95D0 /* InfoPostVCExtensions.swift */; };
		B71C35531B52E4DC004C95D0 /* UIViewExtensions.swift in Sources */ = {isa = PBXBuildFile; fileRef = B71C35521B52E4DC004C95D0 /* UIViewExtensions.swift */; };
		B7510FF71B55326E00B29CD3 /* TabParentViewController.swift in Sources */ = {isa = PBXBuildFile; fileRef = B7510FF61B55326E00B29CD3 /* TabParentViewController.swift */; };
		B7510FF91B554D1800B29CD3 /* ListViewController.swift in Sources */ = {isa = PBXBuildFile; fileRef = B7510FF81B554D1800B29CD3 /* ListViewController.swift */; };
		B75607691B585E57008ABCFF /* ParseConvenience.swift in Sources */ = {isa = PBXBuildFile; fileRef = B75607681B585E57008ABCFF /* ParseConvenience.swift */; };
		B756076D1B5AB3A3008ABCFF /* FacebookClient.swift in Sources */ = {isa = PBXBuildFile; fileRef = B756076C1B5AB3A3008ABCFF /* FacebookClient.swift */; };
		B7ADE7101B5848E30037435D /* StoredPlaceholderTextField.swift in Sources */ = {isa = PBXBuildFile; fileRef = B7ADE70F1B5848E30037435D /* StoredPlaceholderTextField.swift */; };
		B7ADE7141B5854710037435D /* GenericClient.swift in Sources */ = {isa = PBXBuildFile; fileRef = B7ADE7131B5854710037435D /* GenericClient.swift */; };
		B7E2091E1B5D56D30038754A /* FacebookLoginButton.swift in Sources */ = {isa = PBXBuildFile; fileRef = B7E2091D1B5D56D30038754A /* FacebookLoginButton.swift */; };
		B7E209201B5D5E080038754A /* FacebookConstants.swift in Sources */ = {isa = PBXBuildFile; fileRef = B7E2091F1B5D5E080038754A /* FacebookConstants.swift */; };
		B7E209231B5D60CC0038754A /* FBSDKCoreKit.framework in Frameworks */ = {isa = PBXBuildFile; fileRef = B7E209221B5D60CC0038754A /* FBSDKCoreKit.framework */; };
		B7E209251B5D67FA0038754A /* FBSDKLoginKit.framework in Frameworks */ = {isa = PBXBuildFile; fileRef = B7E209241B5D67FA0038754A /* FBSDKLoginKit.framework */; settings = {ATTRIBUTES = (Required, ); }; };
		B7E209271B5D68060038754A /* FBSDKShareKit.framework in Frameworks */ = {isa = PBXBuildFile; fileRef = B7E209261B5D68060038754A /* FBSDKShareKit.framework */; settings = {ATTRIBUTES = (Required, ); }; };
		B7EF5C981B388D3E0090BBDF /* AppDelegate.swift in Sources */ = {isa = PBXBuildFile; fileRef = B7EF5C971B388D3E0090BBDF /* AppDelegate.swift */; };
		B7EF5C9A1B388D3E0090BBDF /* LoginViewController.swift in Sources */ = {isa = PBXBuildFile; fileRef = B7EF5C991B388D3E0090BBDF /* LoginViewController.swift */; };
		B7EF5C9D1B388D3E0090BBDF /* Main.storyboard in Resources */ = {isa = PBXBuildFile; fileRef = B7EF5C9B1B388D3E0090BBDF /* Main.storyboard */; };
		B7EF5C9F1B388D3E0090BBDF /* Images.xcassets in Resources */ = {isa = PBXBuildFile; fileRef = B7EF5C9E1B388D3E0090BBDF /* Images.xcassets */; };
		B7EF5CA21B388D3E0090BBDF /* LaunchScreen.xib in Resources */ = {isa = PBXBuildFile; fileRef = B7EF5CA01B388D3E0090BBDF /* LaunchScreen.xib */; };
		B7EF5CAE1B388D3E0090BBDF /* On_The_MapTests.swift in Sources */ = {isa = PBXBuildFile; fileRef = B7EF5CAD1B388D3E0090BBDF /* On_The_MapTests.swift */; };
		B7EF5CC01B3897470090BBDF /* Roboto-Medium.ttf in Resources */ = {isa = PBXBuildFile; fileRef = B7EF5CBD1B3897470090BBDF /* Roboto-Medium.ttf */; };
		B7EF5CC11B3897470090BBDF /* Roboto-Regular.ttf in Resources */ = {isa = PBXBuildFile; fileRef = B7EF5CBE1B3897470090BBDF /* Roboto-Regular.ttf */; };
		B7EF5CC21B3897470090BBDF /* Roboto-Thin.ttf in Resources */ = {isa = PBXBuildFile; fileRef = B7EF5CBF1B3897470090BBDF /* Roboto-Thin.ttf */; };
		B7EF5CC71B38A4A00090BBDF /* BorderedButton.swift in Sources */ = {isa = PBXBuildFile; fileRef = B7EF5CC61B38A4A00090BBDF /* BorderedButton.swift */; };
		B7EF5CC91B38A9500090BBDF /* LoginVCExtensions.swift in Sources */ = {isa = PBXBuildFile; fileRef = B7EF5CC81B38A9500090BBDF /* LoginVCExtensions.swift */; };
		B7F957A51B55BB1700B3A4E5 /* InfoPostBorderedButton.swift in Sources */ = {isa = PBXBuildFile; fileRef = B7F957A41B55BB1700B3A4E5 /* InfoPostBorderedButton.swift */; };
/* End PBXBuildFile section */

/* Begin PBXContainerItemProxy section */
		B7EF5CA81B388D3E0090BBDF /* PBXContainerItemProxy */ = {
			isa = PBXContainerItemProxy;
			containerPortal = B7EF5C8A1B388D3E0090BBDF /* Project object */;
			proxyType = 1;
			remoteGlobalIDString = B7EF5C911B388D3E0090BBDF;
			remoteInfo = "On The Map";
		};
/* End PBXContainerItemProxy section */

/* Begin PBXFileReference section */
		B70820401B3F3A9D00FB2535 /* MapViewController.swift */ = {isa = PBXFileReference; fileEncoding = 4; lastKnownFileType = sourcecode.swift; path = MapViewController.swift; sourceTree = "<group>"; };
		B71B679D1B39FA8C0010F2DD /* ParseClient.swift */ = {isa = PBXFileReference; fileEncoding = 4; lastKnownFileType = sourcecode.swift; path = ParseClient.swift; sourceTree = "<group>"; };
		B71B679F1B39FAFF0010F2DD /* ParseConstants.swift */ = {isa = PBXFileReference; fileEncoding = 4; lastKnownFileType = sourcecode.swift; path = ParseConstants.swift; sourceTree = "<group>"; };
		B71B67A21B39FC6C0010F2DD /* UdacityClient.swift */ = {isa = PBXFileReference; fileEncoding = 4; lastKnownFileType = sourcecode.swift; path = UdacityClient.swift; sourceTree = "<group>"; };
		B71B67A41B39FC900010F2DD /* UdacityConstants.swift */ = {isa = PBXFileReference; fileEncoding = 4; lastKnownFileType = sourcecode.swift; path = UdacityConstants.swift; sourceTree = "<group>"; };
		B71B67AA1B3B3D980010F2DD /* UdacityConvenience.swift */ = {isa = PBXFileReference; fileEncoding = 4; lastKnownFileType = sourcecode.swift; path = UdacityConvenience.swift; sourceTree = "<group>"; };
		B71C35481B4D87DA004C95D0 /* UdacitySignUpWebViewController.swift */ = {isa = PBXFileReference; fileEncoding = 4; lastKnownFileType = sourcecode.swift; path = UdacitySignUpWebViewController.swift; sourceTree = "<group>"; };
		B71C354C1B502262004C95D0 /* ParseStudentLocation.swift */ = {isa = PBXFileReference; fileEncoding = 4; lastKnownFileType = sourcecode.swift; path = ParseStudentLocation.swift; sourceTree = "<group>"; };
		B71C354E1B518FF9004C95D0 /* InformationPostingViewController.swift */ = {isa = PBXFileReference; fileEncoding = 4; lastKnownFileType = sourcecode.swift; path = InformationPostingViewController.swift; sourceTree = "<group>"; };
		B71C35501B51ABF4004C95D0 /* InfoPostVCExtensions.swift */ = {isa = PBXFileReference; fileEncoding = 4; lastKnownFileType = sourcecode.swift; path = InfoPostVCExtensions.swift; sourceTree = "<group>"; };
		B71C35521B52E4DC004C95D0 /* UIViewExtensions.swift */ = {isa = PBXFileReference; fileEncoding = 4; lastKnownFileType = sourcecode.swift; path = UIViewExtensions.swift; sourceTree = "<group>"; };
		B7510FF61B55326E00B29CD3 /* TabParentViewController.swift */ = {isa = PBXFileReference; fileEncoding = 4; lastKnownFileType = sourcecode.swift; path = TabParentViewController.swift; sourceTree = "<group>"; };
		B7510FF81B554D1800B29CD3 /* ListViewController.swift */ = {isa = PBXFileReference; fileEncoding = 4; lastKnownFileType = sourcecode.swift; path = ListViewController.swift; sourceTree = "<group>"; };
		B75607681B585E57008ABCFF /* ParseConvenience.swift */ = {isa = PBXFileReference; fileEncoding = 4; lastKnownFileType = sourcecode.swift; path = ParseConvenience.swift; sourceTree = "<group>"; };
		B756076C1B5AB3A3008ABCFF /* FacebookClient.swift */ = {isa = PBXFileReference; fileEncoding = 4; lastKnownFileType = sourcecode.swift; path = FacebookClient.swift; sourceTree = "<group>"; };
		B7ADE70F1B5848E30037435D /* StoredPlaceholderTextField.swift */ = {isa = PBXFileReference; fileEncoding = 4; lastKnownFileType = sourcecode.swift; path = StoredPlaceholderTextField.swift; sourceTree = "<group>"; };
		B7ADE7131B5854710037435D /* GenericClient.swift */ = {isa = PBXFileReference; fileEncoding = 4; lastKnownFileType = sourcecode.swift; path = GenericClient.swift; sourceTree = "<group>"; };
		B7E2091D1B5D56D30038754A /* FacebookLoginButton.swift */ = {isa = PBXFileReference; fileEncoding = 4; lastKnownFileType = sourcecode.swift; path = FacebookLoginButton.swift; sourceTree = "<group>"; };
		B7E2091F1B5D5E080038754A /* FacebookConstants.swift */ = {isa = PBXFileReference; fileEncoding = 4; lastKnownFileType = sourcecode.swift; path = FacebookConstants.swift; sourceTree = "<group>"; };
		B7E209221B5D60CC0038754A /* FBSDKCoreKit.framework */ = {isa = PBXFileReference; lastKnownFileType = wrapper.framework; name = FBSDKCoreKit.framework; path = ../../../../Documents/FacebookSDK/FBSDKCoreKit.framework; sourceTree = "<group>"; };
		B7E209241B5D67FA0038754A /* FBSDKLoginKit.framework */ = {isa = PBXFileReference; lastKnownFileType = wrapper.framework; name = FBSDKLoginKit.framework; path = ../../../../Documents/FacebookSDK/FBSDKLoginKit.framework; sourceTree = "<group>"; };
		B7E209261B5D68060038754A /* FBSDKShareKit.framework */ = {isa = PBXFileReference; lastKnownFileType = wrapper.framework; name = FBSDKShareKit.framework; path = ../../../../Documents/FacebookSDK/FBSDKShareKit.framework; sourceTree = "<group>"; };
		B7EF5C921B388D3E0090BBDF /* On The Map.app */ = {isa = PBXFileReference; explicitFileType = wrapper.application; includeInIndex = 0; path = "On The Map.app"; sourceTree = BUILT_PRODUCTS_DIR; };
		B7EF5C961B388D3E0090BBDF /* Info.plist */ = {isa = PBXFileReference; lastKnownFileType = text.plist.xml; path = Info.plist; sourceTree = "<group>"; };
		B7EF5C971B388D3E0090BBDF /* AppDelegate.swift */ = {isa = PBXFileReference; lastKnownFileType = sourcecode.swift; path = AppDelegate.swift; sourceTree = "<group>"; };
		B7EF5C991B388D3E0090BBDF /* LoginViewController.swift */ = {isa = PBXFileReference; lastKnownFileType = sourcecode.swift; path = LoginViewController.swift; sourceTree = "<group>"; };
		B7EF5C9C1B388D3E0090BBDF /* Base */ = {isa = PBXFileReference; lastKnownFileType = file.storyboard; name = Base; path = Base.lproj/Main.storyboard; sourceTree = "<group>"; };
		B7EF5C9E1B388D3E0090BBDF /* Images.xcassets */ = {isa = PBXFileReference; lastKnownFileType = folder.assetcatalog; path = Images.xcassets; sourceTree = "<group>"; };
		B7EF5CA11B388D3E0090BBDF /* Base */ = {isa = PBXFileReference; lastKnownFileType = file.xib; name = Base; path = Base.lproj/LaunchScreen.xib; sourceTree = "<group>"; };
		B7EF5CA71B388D3E0090BBDF /* On The MapTests.xctest */ = {isa = PBXFileReference; explicitFileType = wrapper.cfbundle; includeInIndex = 0; path = "On The MapTests.xctest"; sourceTree = BUILT_PRODUCTS_DIR; };
		B7EF5CAC1B388D3E0090BBDF /* Info.plist */ = {isa = PBXFileReference; lastKnownFileType = text.plist.xml; path = Info.plist; sourceTree = "<group>"; };
		B7EF5CAD1B388D3E0090BBDF /* On_The_MapTests.swift */ = {isa = PBXFileReference; lastKnownFileType = sourcecode.swift; path = On_The_MapTests.swift; sourceTree = "<group>"; };
		B7EF5CBD1B3897470090BBDF /* Roboto-Medium.ttf */ = {isa = PBXFileReference; lastKnownFileType = file; name = "Roboto-Medium.ttf"; path = "../../../../Downloads/on the map assets/Roboto-Medium.ttf"; sourceTree = "<group>"; };
		B7EF5CBE1B3897470090BBDF /* Roboto-Regular.ttf */ = {isa = PBXFileReference; lastKnownFileType = file; name = "Roboto-Regular.ttf"; path = "../../../../Downloads/on the map assets/Roboto-Regular.ttf"; sourceTree = "<group>"; };
		B7EF5CBF1B3897470090BBDF /* Roboto-Thin.ttf */ = {isa = PBXFileReference; lastKnownFileType = file; name = "Roboto-Thin.ttf"; path = "../../../../Downloads/on the map assets/Roboto-Thin.ttf"; sourceTree = "<group>"; };
		B7EF5CC61B38A4A00090BBDF /* BorderedButton.swift */ = {isa = PBXFileReference; fileEncoding = 4; lastKnownFileType = sourcecode.swift; path = BorderedButton.swift; sourceTree = "<group>"; };
		B7EF5CC81B38A9500090BBDF /* LoginVCExtensions.swift */ = {isa = PBXFileReference; fileEncoding = 4; lastKnownFileType = sourcecode.swift; path = LoginVCExtensions.swift; sourceTree = "<group>"; };
		B7F957A41B55BB1700B3A4E5 /* InfoPostBorderedButton.swift */ = {isa = PBXFileReference; fileEncoding = 4; lastKnownFileType = sourcecode.swift; path = InfoPostBorderedButton.swift; sourceTree = "<group>"; };
/* End PBXFileReference section */

/* Begin PBXFrameworksBuildPhase section */
		B7EF5C8F1B388D3E0090BBDF /* Frameworks */ = {
			isa = PBXFrameworksBuildPhase;
			buildActionMask = 2147483647;
			files = (
				B7E209271B5D68060038754A /* FBSDKShareKit.framework in Frameworks */,
				B7E209251B5D67FA0038754A /* FBSDKLoginKit.framework in Frameworks */,
				B7E209231B5D60CC0038754A /* FBSDKCoreKit.framework in Frameworks */,
			);
			runOnlyForDeploymentPostprocessing = 0;
		};
		B7EF5CA41B388D3E0090BBDF /* Frameworks */ = {
			isa = PBXFrameworksBuildPhase;
			buildActionMask = 2147483647;
			files = (
			);
			runOnlyForDeploymentPostprocessing = 0;
		};
/* End PBXFrameworksBuildPhase section */

/* Begin PBXGroup section */
		B71B679B1B39FA570010F2DD /* Clients */ = {
			isa = PBXGroup;
			children = (
				B7ADE7131B5854710037435D /* GenericClient.swift */,
				B756076E1B5AB3AC008ABCFF /* Facebook */,
				B71B67A11B39FC540010F2DD /* Udacity */,
				B71B679C1B39FA730010F2DD /* Parse */,
			);
			name = Clients;
			sourceTree = "<group>";
		};
		B71B679C1B39FA730010F2DD /* Parse */ = {
			isa = PBXGroup;
			children = (
				B71B679D1B39FA8C0010F2DD /* ParseClient.swift */,
				B71B679F1B39FAFF0010F2DD /* ParseConstants.swift */,
				B75607681B585E57008ABCFF /* ParseConvenience.swift */,
				B71C354C1B502262004C95D0 /* ParseStudentLocation.swift */,
			);
			name = Parse;
			sourceTree = "<group>";
		};
		B71B67A11B39FC540010F2DD /* Udacity */ = {
			isa = PBXGroup;
			children = (
				B71B67A21B39FC6C0010F2DD /* UdacityClient.swift */,
				B71B67A41B39FC900010F2DD /* UdacityConstants.swift */,
				B71B67AA1B3B3D980010F2DD /* UdacityConvenience.swift */,
				B71C35481B4D87DA004C95D0 /* UdacitySignUpWebViewController.swift */,
			);
			name = Udacity;
			sourceTree = "<group>";
		};
		B7510FF51B55320A00B29CD3 /* VCExtensions */ = {
			isa = PBXGroup;
			children = (
				B7EF5CC81B38A9500090BBDF /* LoginVCExtensions.swift */,
				B71C35501B51ABF4004C95D0 /* InfoPostVCExtensions.swift */,
				B71C35521B52E4DC004C95D0 /* UIViewExtensions.swift */,
			);
			name = VCExtensions;
			sourceTree = "<group>";
		};
		B756076E1B5AB3AC008ABCFF /* Facebook */ = {
			isa = PBXGroup;
			children = (
				B756076C1B5AB3A3008ABCFF /* FacebookClient.swift */,
				B7E2091F1B5D5E080038754A /* FacebookConstants.swift */,
			);
			name = Facebook;
			sourceTree = "<group>";
		};
		B7E209211B5D607D0038754A /* Frameworks */ = {
			isa = PBXGroup;
			children = (
				B7E209261B5D68060038754A /* FBSDKShareKit.framework */,
				B7E209241B5D67FA0038754A /* FBSDKLoginKit.framework */,
				B7E209221B5D60CC0038754A /* FBSDKCoreKit.framework */,
			);
			name = Frameworks;
			path = "On The Map.xcodeproj";
			sourceTree = "<group>";
		};
		B7EF5C891B388D3E0090BBDF = {
			isa = PBXGroup;
			children = (
				B7EF5C941B388D3E0090BBDF /* On The Map */,
				B7EF5CAA1B388D3E0090BBDF /* On The MapTests */,
				B7EF5C931B388D3E0090BBDF /* Products */,
				B7E209211B5D607D0038754A /* Frameworks */,
			);
			sourceTree = "<group>";
		};
		B7EF5C931B388D3E0090BBDF /* Products */ = {
			isa = PBXGroup;
			children = (
				B7EF5C921B388D3E0090BBDF /* On The Map.app */,
				B7EF5CA71B388D3E0090BBDF /* On The MapTests.xctest */,
			);
			name = Products;
			sourceTree = "<group>";
		};
		B7EF5C941B388D3E0090BBDF /* On The Map */ = {
			isa = PBXGroup;
			children = (
				B7EF5C971B388D3E0090BBDF /* AppDelegate.swift */,
				B7EF5CB71B388D570090BBDF /* Model */,
				B7EF5CBC1B388DFD0090BBDF /* View */,
				B7EF5CBA1B388D8B0090BBDF /* Controller */,
				B7EF5C9E1B388D3E0090BBDF /* Images.xcassets */,
				B7EF5C951B388D3E0090BBDF /* Supporting Files */,
			);
			path = "On The Map";
			sourceTree = "<group>";
		};
		B7EF5C951B388D3E0090BBDF /* Supporting Files */ = {
			isa = PBXGroup;
			children = (
				B7EF5CC31B3897500090BBDF /* Fonts */,
				B7EF5CBB1B388DDA0090BBDF /* Storyboards */,
				B7EF5C961B388D3E0090BBDF /* Info.plist */,
			);
			name = "Supporting Files";
			sourceTree = "<group>";
		};
		B7EF5CAA1B388D3E0090BBDF /* On The MapTests */ = {
			isa = PBXGroup;
			children = (
				B7EF5CAD1B388D3E0090BBDF /* On_The_MapTests.swift */,
				B7EF5CAB1B388D3E0090BBDF /* Supporting Files */,
			);
			path = "On The MapTests";
			sourceTree = "<group>";
		};
		B7EF5CAB1B388D3E0090BBDF /* Supporting Files */ = {
			isa = PBXGroup;
			children = (
				B7EF5CAC1B388D3E0090BBDF /* Info.plist */,
			);
			name = "Supporting Files";
			sourceTree = "<group>";
		};
		B7EF5CB71B388D570090BBDF /* Model */ = {
			isa = PBXGroup;
			children = (
				B71B679B1B39FA570010F2DD /* Clients */,
			);
			name = Model;
			sourceTree = "<group>";
		};
		B7EF5CBA1B388D8B0090BBDF /* Controller */ = {
			isa = PBXGroup;
			children = (
				B7510FF51B55320A00B29CD3 /* VCExtensions */,
				B7EF5C991B388D3E0090BBDF /* LoginViewController.swift */,
				B70820401B3F3A9D00FB2535 /* MapViewController.swift */,
				B7510FF81B554D1800B29CD3 /* ListViewController.swift */,
				B71C354E1B518FF9004C95D0 /* InformationPostingViewController.swift */,
				B7510FF61B55326E00B29CD3 /* TabParentViewController.swift */,
			);
			name = Controller;
			sourceTree = "<group>";
		};
		B7EF5CBB1B388DDA0090BBDF /* Storyboards */ = {
			isa = PBXGroup;
			children = (
				B7EF5CA01B388D3E0090BBDF /* LaunchScreen.xib */,
				B7EF5C9B1B388D3E0090BBDF /* Main.storyboard */,
			);
			name = Storyboards;
			sourceTree = "<group>";
		};
		B7EF5CBC1B388DFD0090BBDF /* View */ = {
			isa = PBXGroup;
			children = (
				B7EF5CC61B38A4A00090BBDF /* BorderedButton.swift */,
				B7F957A41B55BB1700B3A4E5 /* InfoPostBorderedButton.swift */,
				B7ADE70F1B5848E30037435D /* StoredPlaceholderTextField.swift */,
				B7E2091D1B5D56D30038754A /* FacebookLoginButton.swift */,
			);
			name = View;
			path = ..;
			sourceTree = "<group>";
		};
		B7EF5CC31B3897500090BBDF /* Fonts */ = {
			isa = PBXGroup;
			children = (
				B7EF5CBD1B3897470090BBDF /* Roboto-Medium.ttf */,
				B7EF5CBE1B3897470090BBDF /* Roboto-Regular.ttf */,
				B7EF5CBF1B3897470090BBDF /* Roboto-Thin.ttf */,
			);
			name = Fonts;
			sourceTree = "<group>";
		};
/* End PBXGroup section */

/* Begin PBXNativeTarget section */
		B7EF5C911B388D3E0090BBDF /* On The Map */ = {
			isa = PBXNativeTarget;
			buildConfigurationList = B7EF5CB11B388D3E0090BBDF /* Build configuration list for PBXNativeTarget "On The Map" */;
			buildPhases = (
				B7EF5C8E1B388D3E0090BBDF /* Sources */,
				B7EF5C8F1B388D3E0090BBDF /* Frameworks */,
				B7EF5C901B388D3E0090BBDF /* Resources */,
			);
			buildRules = (
			);
			dependencies = (
			);
			name = "On The Map";
			productName = "On The Map";
			productReference = B7EF5C921B388D3E0090BBDF /* On The Map.app */;
			productType = "com.apple.product-type.application";
		};
		B7EF5CA61B388D3E0090BBDF /* On The MapTests */ = {
			isa = PBXNativeTarget;
			buildConfigurationList = B7EF5CB41B388D3E0090BBDF /* Build configuration list for PBXNativeTarget "On The MapTests" */;
			buildPhases = (
				B7EF5CA31B388D3E0090BBDF /* Sources */,
				B7EF5CA41B388D3E0090BBDF /* Frameworks */,
				B7EF5CA51B388D3E0090BBDF /* Resources */,
			);
			buildRules = (
			);
			dependencies = (
				B7EF5CA91B388D3E0090BBDF /* PBXTargetDependency */,
			);
			name = "On The MapTests";
			productName = "On The MapTests";
			productReference = B7EF5CA71B388D3E0090BBDF /* On The MapTests.xctest */;
			productType = "com.apple.product-type.bundle.unit-test";
		};
/* End PBXNativeTarget section */

/* Begin PBXProject section */
		B7EF5C8A1B388D3E0090BBDF /* Project object */ = {
			isa = PBXProject;
			attributes = {
				LastSwiftUpdateCheck = 0700;
				LastUpgradeCheck = 0630;
				ORGANIZATIONNAME = "Brian Josel";
				TargetAttributes = {
					B7EF5C911B388D3E0090BBDF = {
						CreatedOnToolsVersion = 6.3.1;
					};
					B7EF5CA61B388D3E0090BBDF = {
						CreatedOnToolsVersion = 6.3.1;
						TestTargetID = B7EF5C911B388D3E0090BBDF;
					};
				};
			};
			buildConfigurationList = B7EF5C8D1B388D3E0090BBDF /* Build configuration list for PBXProject "On The Map" */;
			compatibilityVersion = "Xcode 3.2";
			developmentRegion = English;
			hasScannedForEncodings = 0;
			knownRegions = (
				en,
				Base,
			);
			mainGroup = B7EF5C891B388D3E0090BBDF;
			productRefGroup = B7EF5C931B388D3E0090BBDF /* Products */;
			projectDirPath = "";
			projectRoot = "";
			targets = (
				B7EF5C911B388D3E0090BBDF /* On The Map */,
				B7EF5CA61B388D3E0090BBDF /* On The MapTests */,
			);
		};
/* End PBXProject section */

/* Begin PBXResourcesBuildPhase section */
		B7EF5C901B388D3E0090BBDF /* Resources */ = {
			isa = PBXResourcesBuildPhase;
			buildActionMask = 2147483647;
			files = (
				B7EF5CC01B3897470090BBDF /* Roboto-Medium.ttf in Resources */,
				B7EF5C9D1B388D3E0090BBDF /* Main.storyboard in Resources */,
				B7EF5CC21B3897470090BBDF /* Roboto-Thin.ttf in Resources */,
				B7EF5CC11B3897470090BBDF /* Roboto-Regular.ttf in Resources */,
				B7EF5CA21B388D3E0090BBDF /* LaunchScreen.xib in Resources */,
				B7EF5C9F1B388D3E0090BBDF /* Images.xcassets in Resources */,
			);
			runOnlyForDeploymentPostprocessing = 0;
		};
		B7EF5CA51B388D3E0090BBDF /* Resources */ = {
			isa = PBXResourcesBuildPhase;
			buildActionMask = 2147483647;
			files = (
			);
			runOnlyForDeploymentPostprocessing = 0;
		};
/* End PBXResourcesBuildPhase section */

/* Begin PBXSourcesBuildPhase section */
		B7EF5C8E1B388D3E0090BBDF /* Sources */ = {
			isa = PBXSourcesBuildPhase;
			buildActionMask = 2147483647;
			files = (
				B7510FF91B554D1800B29CD3 /* ListViewController.swift in Sources */,
				B75607691B585E57008ABCFF /* ParseConvenience.swift in Sources */,
				B7510FF71B55326E00B29CD3 /* TabParentViewController.swift in Sources */,
				B70820411B3F3A9D00FB2535 /* MapViewController.swift in Sources */,
				B71B67A31B39FC6C0010F2DD /* UdacityClient.swift in Sources */,
				B71C35511B51ABF4004C95D0 /* InfoPostVCExtensions.swift in Sources */,
				B7EF5CC91B38A9500090BBDF /* LoginVCExtensions.swift in Sources */,
				B7E2091E1B5D56D30038754A /* FacebookLoginButton.swift in Sources */,
				B71B67A01B39FAFF0010F2DD /* ParseConstants.swift in Sources */,
				B7E209201B5D5E080038754A /* FacebookConstants.swift in Sources */,
				B71B67AB1B3B3D980010F2DD /* UdacityConvenience.swift in Sources */,
				B7F957A51B55BB1700B3A4E5 /* InfoPostBorderedButton.swift in Sources */,
				B71C354F1B518FF9004C95D0 /* InformationPostingViewController.swift in Sources */,
				B7ADE7141B5854710037435D /* GenericClient.swift in Sources */,
				B7EF5C9A1B388D3E0090BBDF /* LoginViewController.swift in Sources */,
				B71B679E1B39FA8C0010F2DD /* ParseClient.swift in Sources */,
				B71C35531B52E4DC004C95D0 /* UIViewExtensions.swift in Sources */,
				B71B67A51B39FC900010F2DD /* UdacityConstants.swift in Sources */,
				B71C35491B4D87DA004C95D0 /* UdacitySignUpWebViewController.swift in Sources */,
				B7EF5CC71B38A4A00090BBDF /* BorderedButton.swift in Sources */,
				B71C354D1B502262004C95D0 /* ParseStudentLocation.swift in Sources */,
				B7ADE7101B5848E30037435D /* StoredPlaceholderTextField.swift in Sources */,
				B756076D1B5AB3A3008ABCFF /* FacebookClient.swift in Sources */,
				B7EF5C981B388D3E0090BBDF /* AppDelegate.swift in Sources */,
			);
			runOnlyForDeploymentPostprocessing = 0;
		};
		B7EF5CA31B388D3E0090BBDF /* Sources */ = {
			isa = PBXSourcesBuildPhase;
			buildActionMask = 2147483647;
			files = (
				B7EF5CAE1B388D3E0090BBDF /* On_The_MapTests.swift in Sources */,
			);
			runOnlyForDeploymentPostprocessing = 0;
		};
/* End PBXSourcesBuildPhase section */

/* Begin PBXTargetDependency section */
		B7EF5CA91B388D3E0090BBDF /* PBXTargetDependency */ = {
			isa = PBXTargetDependency;
			target = B7EF5C911B388D3E0090BBDF /* On The Map */;
			targetProxy = B7EF5CA81B388D3E0090BBDF /* PBXContainerItemProxy */;
		};
/* End PBXTargetDependency section */

/* Begin PBXVariantGroup section */
		B7EF5C9B1B388D3E0090BBDF /* Main.storyboard */ = {
			isa = PBXVariantGroup;
			children = (
				B7EF5C9C1B388D3E0090BBDF /* Base */,
			);
			name = Main.storyboard;
			sourceTree = "<group>";
		};
		B7EF5CA01B388D3E0090BBDF /* LaunchScreen.xib */ = {
			isa = PBXVariantGroup;
			children = (
				B7EF5CA11B388D3E0090BBDF /* Base */,
			);
			name = LaunchScreen.xib;
			sourceTree = "<group>";
		};
/* End PBXVariantGroup section */

/* Begin XCBuildConfiguration section */
		B7EF5CAF1B388D3E0090BBDF /* Debug */ = {
			isa = XCBuildConfiguration;
			buildSettings = {
				ALWAYS_SEARCH_USER_PATHS = NO;
				CLANG_CXX_LANGUAGE_STANDARD = "gnu++0x";
				CLANG_CXX_LIBRARY = "libc++";
				CLANG_ENABLE_MODULES = YES;
				CLANG_ENABLE_OBJC_ARC = YES;
				CLANG_WARN_BOOL_CONVERSION = YES;
				CLANG_WARN_CONSTANT_CONVERSION = YES;
				CLANG_WARN_DIRECT_OBJC_ISA_USAGE = YES_ERROR;
				CLANG_WARN_EMPTY_BODY = YES;
				CLANG_WARN_ENUM_CONVERSION = YES;
				CLANG_WARN_INT_CONVERSION = YES;
				CLANG_WARN_OBJC_ROOT_CLASS = YES_ERROR;
				CLANG_WARN_UNREACHABLE_CODE = YES;
				CLANG_WARN__DUPLICATE_METHOD_MATCH = YES;
				"CODE_SIGN_IDENTITY[sdk=iphoneos*]" = "iPhone Developer";
				COPY_PHASE_STRIP = NO;
				DEBUG_INFORMATION_FORMAT = "dwarf-with-dsym";
				ENABLE_STRICT_OBJC_MSGSEND = YES;
				GCC_C_LANGUAGE_STANDARD = gnu99;
				GCC_DYNAMIC_NO_PIC = NO;
				GCC_NO_COMMON_BLOCKS = YES;
				GCC_OPTIMIZATION_LEVEL = 0;
				GCC_PREPROCESSOR_DEFINITIONS = (
					"DEBUG=1",
					"$(inherited)",
				);
				GCC_SYMBOLS_PRIVATE_EXTERN = NO;
				GCC_WARN_64_TO_32_BIT_CONVERSION = YES;
				GCC_WARN_ABOUT_RETURN_TYPE = YES_ERROR;
				GCC_WARN_UNDECLARED_SELECTOR = YES;
				GCC_WARN_UNINITIALIZED_AUTOS = YES_AGGRESSIVE;
				GCC_WARN_UNUSED_FUNCTION = YES;
				GCC_WARN_UNUSED_VARIABLE = YES;
				IPHONEOS_DEPLOYMENT_TARGET = 8.3;
				MTL_ENABLE_DEBUG_INFO = YES;
				ONLY_ACTIVE_ARCH = YES;
				SDKROOT = iphoneos;
				SWIFT_OPTIMIZATION_LEVEL = "-Onone";
			};
			name = Debug;
		};
		B7EF5CB01B388D3E0090BBDF /* Release */ = {
			isa = XCBuildConfiguration;
			buildSettings = {
				ALWAYS_SEARCH_USER_PATHS = NO;
				CLANG_CXX_LANGUAGE_STANDARD = "gnu++0x";
				CLANG_CXX_LIBRARY = "libc++";
				CLANG_ENABLE_MODULES = YES;
				CLANG_ENABLE_OBJC_ARC = YES;
				CLANG_WARN_BOOL_CONVERSION = YES;
				CLANG_WARN_CONSTANT_CONVERSION = YES;
				CLANG_WARN_DIRECT_OBJC_ISA_USAGE = YES_ERROR;
				CLANG_WARN_EMPTY_BODY = YES;
				CLANG_WARN_ENUM_CONVERSION = YES;
				CLANG_WARN_INT_CONVERSION = YES;
				CLANG_WARN_OBJC_ROOT_CLASS = YES_ERROR;
				CLANG_WARN_UNREACHABLE_CODE = YES;
				CLANG_WARN__DUPLICATE_METHOD_MATCH = YES;
				"CODE_SIGN_IDENTITY[sdk=iphoneos*]" = "iPhone Developer";
				COPY_PHASE_STRIP = NO;
				DEBUG_INFORMATION_FORMAT = "dwarf-with-dsym";
				ENABLE_NS_ASSERTIONS = NO;
				ENABLE_STRICT_OBJC_MSGSEND = YES;
				GCC_C_LANGUAGE_STANDARD = gnu99;
				GCC_NO_COMMON_BLOCKS = YES;
				GCC_WARN_64_TO_32_BIT_CONVERSION = YES;
				GCC_WARN_ABOUT_RETURN_TYPE = YES_ERROR;
				GCC_WARN_UNDECLARED_SELECTOR = YES;
				GCC_WARN_UNINITIALIZED_AUTOS = YES_AGGRESSIVE;
				GCC_WARN_UNUSED_FUNCTION = YES;
				GCC_WARN_UNUSED_VARIABLE = YES;
				IPHONEOS_DEPLOYMENT_TARGET = 8.3;
				MTL_ENABLE_DEBUG_INFO = NO;
				SDKROOT = iphoneos;
				VALIDATE_PRODUCT = YES;
			};
			name = Release;
		};
		B7EF5CB21B388D3E0090BBDF /* Debug */ = {
			isa = XCBuildConfiguration;
			buildSettings = {
				ASSETCATALOG_COMPILER_APPICON_NAME = AppIcon;
				FRAMEWORK_SEARCH_PATHS = (
					"$(inherited)",
					/Users/brianjosel/Documents/FacebookSDK,
				);
				INFOPLIST_FILE = "On The Map/Info.plist";
				LD_RUNPATH_SEARCH_PATHS = "$(inherited) @executable_path/Frameworks";
				PRODUCT_NAME = "$(TARGET_NAME)";
				SWIFT_OPTIMIZATION_LEVEL = "-O";
			};
			name = Debug;
		};
		B7EF5CB31B388D3E0090BBDF /* Release */ = {
			isa = XCBuildConfiguration;
			buildSettings = {
				ASSETCATALOG_COMPILER_APPICON_NAME = AppIcon;
				FRAMEWORK_SEARCH_PATHS = (
					"$(inherited)",
					/Users/brianjosel/Documents/FacebookSDK,
				);
				INFOPLIST_FILE = "On The Map/Info.plist";
				LD_RUNPATH_SEARCH_PATHS = "$(inherited) @executable_path/Frameworks";
				PRODUCT_NAME = "$(TARGET_NAME)";
				SWIFT_OPTIMIZATION_LEVEL = "-O";
			};
			name = Release;
		};
		B7EF5CB51B388D3E0090BBDF /* Debug */ = {
			isa = XCBuildConfiguration;
			buildSettings = {
				BUNDLE_LOADER = "$(TEST_HOST)";
				FRAMEWORK_SEARCH_PATHS = (
					"$(SDKROOT)/Developer/Library/Frameworks",
					"$(inherited)",
				);
				GCC_PREPROCESSOR_DEFINITIONS = (
					"DEBUG=1",
					"$(inherited)",
				);
				INFOPLIST_FILE = "On The MapTests/Info.plist";
				LD_RUNPATH_SEARCH_PATHS = "$(inherited) @executable_path/Frameworks @loader_path/Frameworks";
				PRODUCT_NAME = "$(TARGET_NAME)";
				TEST_HOST = "$(BUILT_PRODUCTS_DIR)/On The Map.app/On The Map";
			};
			name = Debug;
		};
		B7EF5CB61B388D3E0090BBDF /* Release */ = {
			isa = XCBuildConfiguration;
			buildSettings = {
				BUNDLE_LOADER = "$(TEST_HOST)";
				FRAMEWORK_SEARCH_PATHS = (
					"$(SDKROOT)/Developer/Library/Frameworks",
					"$(inherited)",
				);
				INFOPLIST_FILE = "On The MapTests/Info.plist";
				LD_RUNPATH_SEARCH_PATHS = "$(inherited) @executable_path/Frameworks @loader_path/Frameworks";
				PRODUCT_NAME = "$(TARGET_NAME)";
				TEST_HOST = "$(BUILT_PRODUCTS_DIR)/On The Map.app/On The Map";
			};
			name = Release;
		};
/* End XCBuildConfiguration section */

/* Begin XCConfigurationList section */
		B7EF5C8D1B388D3E0090BBDF /* Build configuration list for PBXProject "On The Map" */ = {
			isa = XCConfigurationList;
			buildConfigurations = (
				B7EF5CAF1B388D3E0090BBDF /* Debug */,
				B7EF5CB01B388D3E0090BBDF /* Release */,
			);
			defaultConfigurationIsVisible = 0;
			defaultConfigurationName = Release;
		};
		B7EF5CB11B388D3E0090BBDF /* Build configuration list for PBXNativeTarget "On The Map" */ = {
			isa = XCConfigurationList;
			buildConfigurations = (
				B7EF5CB21B388D3E0090BBDF /* Debug */,
				B7EF5CB31B388D3E0090BBDF /* Release */,
			);
			defaultConfigurationIsVisible = 0;
			defaultConfigurationName = Release;
		};
		B7EF5CB41B388D3E0090BBDF /* Build configuration list for PBXNativeTarget "On The MapTests" */ = {
			isa = XCConfigurationList;
			buildConfigurations = (
				B7EF5CB51B388D3E0090BBDF /* Debug */,
				B7EF5CB61B388D3E0090BBDF /* Release */,
			);
			defaultConfigurationIsVisible = 0;
			defaultConfigurationName = Release;
		};
/* End XCConfigurationList section */
	};
	rootObject = B7EF5C8A1B388D3E0090BBDF /* Project object */;
}
